// !$*UTF8*$!
{
	archiveVersion = 1;
	classes = {
	};
	objectVersion = 56;
	objects = {

/* Begin PBXBuildFile section */
		046BA95D29E8F13900E96F63 /* _706012110026_Alex_AFL3App.swift in Sources */ = {isa = PBXBuildFile; fileRef = 046BA95C29E8F13900E96F63 /* _706012110026_Alex_AFL3App.swift */; };
		046BA95F29E8F13900E96F63 /* ContentView.swift in Sources */ = {isa = PBXBuildFile; fileRef = 046BA95E29E8F13900E96F63 /* ContentView.swift */; };
		046BA96129E8F13B00E96F63 /* Assets.xcassets in Resources */ = {isa = PBXBuildFile; fileRef = 046BA96029E8F13B00E96F63 /* Assets.xcassets */; };
		046BA96429E8F13B00E96F63 /* Preview Assets.xcassets in Resources */ = {isa = PBXBuildFile; fileRef = 046BA96329E8F13B00E96F63 /* Preview Assets.xcassets */; };
		046BA96E29E8F13B00E96F63 /* _706012110026_Alex_AFL3Tests.swift in Sources */ = {isa = PBXBuildFile; fileRef = 046BA96D29E8F13B00E96F63 /* _706012110026_Alex_AFL3Tests.swift */; };
		046BA97829E8F13B00E96F63 /* _706012110026_Alex_AFL3UITests.swift in Sources */ = {isa = PBXBuildFile; fileRef = 046BA97729E8F13B00E96F63 /* _706012110026_Alex_AFL3UITests.swift */; };
		046BA97A29E8F13B00E96F63 /* _706012110026_Alex_AFL3UITestsLaunchTests.swift in Sources */ = {isa = PBXBuildFile; fileRef = 046BA97929E8F13B00E96F63 /* _706012110026_Alex_AFL3UITestsLaunchTests.swift */; };
/* End PBXBuildFile section */

/* Begin PBXContainerItemProxy section */
		046BA96A29E8F13B00E96F63 /* PBXContainerItemProxy */ = {
			isa = PBXContainerItemProxy;
			containerPortal = 046BA95129E8F13900E96F63 /* Project object */;
			proxyType = 1;
			remoteGlobalIDString = 046BA95829E8F13900E96F63;
			remoteInfo = "0706012110026-Alex-AFL3";
		};
		046BA97429E8F13B00E96F63 /* PBXContainerItemProxy */ = {
			isa = PBXContainerItemProxy;
			containerPortal = 046BA95129E8F13900E96F63 /* Project object */;
			proxyType = 1;
			remoteGlobalIDString = 046BA95829E8F13900E96F63;
			remoteInfo = "0706012110026-Alex-AFL3";
		};
/* End PBXContainerItemProxy section */

/* Begin PBXFileReference section */
		046BA95929E8F13900E96F63 /* 0706012110026-Alex-AFL3.app */ = {isa = PBXFileReference; explicitFileType = wrapper.application; includeInIndex = 0; path = "0706012110026-Alex-AFL3.app"; sourceTree = BUILT_PRODUCTS_DIR; };
		046BA95C29E8F13900E96F63 /* _706012110026_Alex_AFL3App.swift */ = {isa = PBXFileReference; lastKnownFileType = sourcecode.swift; path = _706012110026_Alex_AFL3App.swift; sourceTree = "<group>"; };
		046BA95E29E8F13900E96F63 /* ContentView.swift */ = {isa = PBXFileReference; lastKnownFileType = sourcecode.swift; path = ContentView.swift; sourceTree = "<group>"; };
		046BA96029E8F13B00E96F63 /* Assets.xcassets */ = {isa = PBXFileReference; lastKnownFileType = folder.assetcatalog; path = Assets.xcassets; sourceTree = "<group>"; };
		046BA96329E8F13B00E96F63 /* Preview Assets.xcassets */ = {isa = PBXFileReference; lastKnownFileType = folder.assetcatalog; path = "Preview Assets.xcassets"; sourceTree = "<group>"; };
		046BA96929E8F13B00E96F63 /* 0706012110026-Alex-AFL3Tests.xctest */ = {isa = PBXFileReference; explicitFileType = wrapper.cfbundle; includeInIndex = 0; path = "0706012110026-Alex-AFL3Tests.xctest"; sourceTree = BUILT_PRODUCTS_DIR; };
		046BA96D29E8F13B00E96F63 /* _706012110026_Alex_AFL3Tests.swift */ = {isa = PBXFileReference; lastKnownFileType = sourcecode.swift; path = _706012110026_Alex_AFL3Tests.swift; sourceTree = "<group>"; };
		046BA97329E8F13B00E96F63 /* 0706012110026-Alex-AFL3UITests.xctest */ = {isa = PBXFileReference; explicitFileType = wrapper.cfbundle; includeInIndex = 0; path = "0706012110026-Alex-AFL3UITests.xctest"; sourceTree = BUILT_PRODUCTS_DIR; };
		046BA97729E8F13B00E96F63 /* _706012110026_Alex_AFL3UITests.swift */ = {isa = PBXFileReference; lastKnownFileType = sourcecode.swift; path = _706012110026_Alex_AFL3UITests.swift; sourceTree = "<group>"; };
		046BA97929E8F13B00E96F63 /* _706012110026_Alex_AFL3UITestsLaunchTests.swift */ = {isa = PBXFileReference; lastKnownFileType = sourcecode.swift; path = _706012110026_Alex_AFL3UITestsLaunchTests.swift; sourceTree = "<group>"; };
/* End PBXFileReference section */

/* Begin PBXFrameworksBuildPhase section */
		046BA95629E8F13900E96F63 /* Frameworks */ = {
			isa = PBXFrameworksBuildPhase;
			buildActionMask = 2147483647;
			files = (
			);
			runOnlyForDeploymentPostprocessing = 0;
		};
		046BA96629E8F13B00E96F63 /* Frameworks */ = {
			isa = PBXFrameworksBuildPhase;
			buildActionMask = 2147483647;
			files = (
			);
			runOnlyForDeploymentPostprocessing = 0;
		};
		046BA97029E8F13B00E96F63 /* Frameworks */ = {
			isa = PBXFrameworksBuildPhase;
			buildActionMask = 2147483647;
			files = (
			);
			runOnlyForDeploymentPostprocessing = 0;
		};
/* End PBXFrameworksBuildPhase section */

/* Begin PBXGroup section */
		046BA95029E8F13900E96F63 = {
			isa = PBXGroup;
			children = (
				046BA95B29E8F13900E96F63 /* 0706012110026-Alex-AFL3 */,
				046BA96C29E8F13B00E96F63 /* 0706012110026-Alex-AFL3Tests */,
				046BA97629E8F13B00E96F63 /* 0706012110026-Alex-AFL3UITests */,
				046BA95A29E8F13900E96F63 /* Products */,
			);
			sourceTree = "<group>";
		};
		046BA95A29E8F13900E96F63 /* Products */ = {
			isa = PBXGroup;
			children = (
				046BA95929E8F13900E96F63 /* 0706012110026-Alex-AFL3.app */,
				046BA96929E8F13B00E96F63 /* 0706012110026-Alex-AFL3Tests.xctest */,
				046BA97329E8F13B00E96F63 /* 0706012110026-Alex-AFL3UITests.xctest */,
			);
			name = Products;
			sourceTree = "<group>";
		};
		046BA95B29E8F13900E96F63 /* 0706012110026-Alex-AFL3 */ = {
			isa = PBXGroup;
			children = (
				046BA95C29E8F13900E96F63 /* _706012110026_Alex_AFL3App.swift */,
				046BA95E29E8F13900E96F63 /* ContentView.swift */,
				046BA96029E8F13B00E96F63 /* Assets.xcassets */,
				046BA96229E8F13B00E96F63 /* Preview Content */,
			);
			path = "0706012110026-Alex-AFL3";
			sourceTree = "<group>";
		};
		046BA96229E8F13B00E96F63 /* Preview Content */ = {
			isa = PBXGroup;
			children = (
				046BA96329E8F13B00E96F63 /* Preview Assets.xcassets */,
			);
			path = "Preview Content";
			sourceTree = "<group>";
		};
		046BA96C29E8F13B00E96F63 /* 0706012110026-Alex-AFL3Tests */ = {
			isa = PBXGroup;
			children = (
				046BA96D29E8F13B00E96F63 /* _706012110026_Alex_AFL3Tests.swift */,
			);
			path = "0706012110026-Alex-AFL3Tests";
			sourceTree = "<group>";
		};
		046BA97629E8F13B00E96F63 /* 0706012110026-Alex-AFL3UITests */ = {
			isa = PBXGroup;
			children = (
				046BA97729E8F13B00E96F63 /* _706012110026_Alex_AFL3UITests.swift */,
				046BA97929E8F13B00E96F63 /* _706012110026_Alex_AFL3UITestsLaunchTests.swift */,
			);
			path = "0706012110026-Alex-AFL3UITests";
			sourceTree = "<group>";
		};
/* End PBXGroup section */

/* Begin PBXNativeTarget section */
		046BA95829E8F13900E96F63 /* 0706012110026-Alex-AFL3 */ = {
			isa = PBXNativeTarget;
			buildConfigurationList = 046BA97D29E8F13B00E96F63 /* Build configuration list for PBXNativeTarget "0706012110026-Alex-AFL3" */;
			buildPhases = (
				046BA95529E8F13900E96F63 /* Sources */,
				046BA95629E8F13900E96F63 /* Frameworks */,
				046BA95729E8F13900E96F63 /* Resources */,
			);
			buildRules = (
			);
			dependencies = (
			);
			name = "0706012110026-Alex-AFL3";
			productName = "0706012110026-Alex-AFL3";
			productReference = 046BA95929E8F13900E96F63 /* 0706012110026-Alex-AFL3.app */;
			productType = "com.apple.product-type.application";
		};
		046BA96829E8F13B00E96F63 /* 0706012110026-Alex-AFL3Tests */ = {
			isa = PBXNativeTarget;
			buildConfigurationList = 046BA98029E8F13B00E96F63 /* Build configuration list for PBXNativeTarget "0706012110026-Alex-AFL3Tests" */;
			buildPhases = (
				046BA96529E8F13B00E96F63 /* Sources */,
				046BA96629E8F13B00E96F63 /* Frameworks */,
				046BA96729E8F13B00E96F63 /* Resources */,
			);
			buildRules = (
			);
			dependencies = (
				046BA96B29E8F13B00E96F63 /* PBXTargetDependency */,
			);
			name = "0706012110026-Alex-AFL3Tests";
			productName = "0706012110026-Alex-AFL3Tests";
			productReference = 046BA96929E8F13B00E96F63 /* 0706012110026-Alex-AFL3Tests.xctest */;
			productType = "com.apple.product-type.bundle.unit-test";
		};
		046BA97229E8F13B00E96F63 /* 0706012110026-Alex-AFL3UITests */ = {
			isa = PBXNativeTarget;
			buildConfigurationList = 046BA98329E8F13B00E96F63 /* Build configuration list for PBXNativeTarget "0706012110026-Alex-AFL3UITests" */;
			buildPhases = (
				046BA96F29E8F13B00E96F63 /* Sources */,
				046BA97029E8F13B00E96F63 /* Frameworks */,
				046BA97129E8F13B00E96F63 /* Resources */,
			);
			buildRules = (
			);
			dependencies = (
				046BA97529E8F13B00E96F63 /* PBXTargetDependency */,
			);
			name = "0706012110026-Alex-AFL3UITests";
			productName = "0706012110026-Alex-AFL3UITests";
			productReference = 046BA97329E8F13B00E96F63 /* 0706012110026-Alex-AFL3UITests.xctest */;
			productType = "com.apple.product-type.bundle.ui-testing";
		};
/* End PBXNativeTarget section */

/* Begin PBXProject section */
		046BA95129E8F13900E96F63 /* Project object */ = {
			isa = PBXProject;
			attributes = {
				BuildIndependentTargetsInParallel = 1;
				LastSwiftUpdateCheck = 1420;
				LastUpgradeCheck = 1420;
				TargetAttributes = {
					046BA95829E8F13900E96F63 = {
						CreatedOnToolsVersion = 14.2;
					};
					046BA96829E8F13B00E96F63 = {
						CreatedOnToolsVersion = 14.2;
						TestTargetID = 046BA95829E8F13900E96F63;
					};
					046BA97229E8F13B00E96F63 = {
						CreatedOnToolsVersion = 14.2;
						TestTargetID = 046BA95829E8F13900E96F63;
					};
				};
			};
			buildConfigurationList = 046BA95429E8F13900E96F63 /* Build configuration list for PBXProject "0706012110026-Alex-AFL3" */;
			compatibilityVersion = "Xcode 14.0";
			developmentRegion = en;
			hasScannedForEncodings = 0;
			knownRegions = (
				en,
				Base,
			);
			mainGroup = 046BA95029E8F13900E96F63;
			productRefGroup = 046BA95A29E8F13900E96F63 /* Products */;
			projectDirPath = "";
			projectRoot = "";
			targets = (
				046BA95829E8F13900E96F63 /* 0706012110026-Alex-AFL3 */,
				046BA96829E8F13B00E96F63 /* 0706012110026-Alex-AFL3Tests */,
				046BA97229E8F13B00E96F63 /* 0706012110026-Alex-AFL3UITests */,
			);
		};
/* End PBXProject section */

/* Begin PBXResourcesBuildPhase section */
		046BA95729E8F13900E96F63 /* Resources */ = {
			isa = PBXResourcesBuildPhase;
			buildActionMask = 2147483647;
			files = (
				046BA96429E8F13B00E96F63 /* Preview Assets.xcassets in Resources */,
				046BA96129E8F13B00E96F63 /* Assets.xcassets in Resources */,
			);
			runOnlyForDeploymentPostprocessing = 0;
		};
		046BA96729E8F13B00E96F63 /* Resources */ = {
			isa = PBXResourcesBuildPhase;
			buildActionMask = 2147483647;
			files = (
			);
			runOnlyForDeploymentPostprocessing = 0;
		};
		046BA97129E8F13B00E96F63 /* Resources */ = {
			isa = PBXResourcesBuildPhase;
			buildActionMask = 2147483647;
			files = (
			);
			runOnlyForDeploymentPostprocessing = 0;
		};
/* End PBXResourcesBuildPhase section */

/* Begin PBXSourcesBuildPhase section */
		046BA95529E8F13900E96F63 /* Sources */ = {
			isa = PBXSourcesBuildPhase;
			buildActionMask = 2147483647;
			files = (
				046BA95F29E8F13900E96F63 /* ContentView.swift in Sources */,
				046BA95D29E8F13900E96F63 /* _706012110026_Alex_AFL3App.swift in Sources */,
			);
			runOnlyForDeploymentPostprocessing = 0;
		};
		046BA96529E8F13B00E96F63 /* Sources */ = {
			isa = PBXSourcesBuildPhase;
			buildActionMask = 2147483647;
			files = (
				046BA96E29E8F13B00E96F63 /* _706012110026_Alex_AFL3Tests.swift in Sources */,
			);
			runOnlyForDeploymentPostprocessing = 0;
		};
		046BA96F29E8F13B00E96F63 /* Sources */ = {
			isa = PBXSourcesBuildPhase;
			buildActionMask = 2147483647;
			files = (
				046BA97A29E8F13B00E96F63 /* _706012110026_Alex_AFL3UITestsLaunchTests.swift in Sources */,
				046BA97829E8F13B00E96F63 /* _706012110026_Alex_AFL3UITests.swift in Sources */,
			);
			runOnlyForDeploymentPostprocessing = 0;
		};
/* End PBXSourcesBuildPhase section */

/* Begin PBXTargetDependency section */
		046BA96B29E8F13B00E96F63 /* PBXTargetDependency */ = {
			isa = PBXTargetDependency;
			target = 046BA95829E8F13900E96F63 /* 0706012110026-Alex-AFL3 */;
			targetProxy = 046BA96A29E8F13B00E96F63 /* PBXContainerItemProxy */;
		};
		046BA97529E8F13B00E96F63 /* PBXTargetDependency */ = {
			isa = PBXTargetDependency;
			target = 046BA95829E8F13900E96F63 /* 0706012110026-Alex-AFL3 */;
			targetProxy = 046BA97429E8F13B00E96F63 /* PBXContainerItemProxy */;
		};
/* End PBXTargetDependency section */

/* Begin XCBuildConfiguration section */
		046BA97B29E8F13B00E96F63 /* Debug */ = {
			isa = XCBuildConfiguration;
			buildSettings = {
				ALWAYS_SEARCH_USER_PATHS = NO;
				CLANG_ANALYZER_NONNULL = YES;
				CLANG_ANALYZER_NUMBER_OBJECT_CONVERSION = YES_AGGRESSIVE;
				CLANG_CXX_LANGUAGE_STANDARD = "gnu++20";
				CLANG_ENABLE_MODULES = YES;
				CLANG_ENABLE_OBJC_ARC = YES;
				CLANG_ENABLE_OBJC_WEAK = YES;
				CLANG_WARN_BLOCK_CAPTURE_AUTORELEASING = YES;
				CLANG_WARN_BOOL_CONVERSION = YES;
				CLANG_WARN_COMMA = YES;
				CLANG_WARN_CONSTANT_CONVERSION = YES;
				CLANG_WARN_DEPRECATED_OBJC_IMPLEMENTATIONS = YES;
				CLANG_WARN_DIRECT_OBJC_ISA_USAGE = YES_ERROR;
				CLANG_WARN_DOCUMENTATION_COMMENTS = YES;
				CLANG_WARN_EMPTY_BODY = YES;
				CLANG_WARN_ENUM_CONVERSION = YES;
				CLANG_WARN_INFINITE_RECURSION = YES;
				CLANG_WARN_INT_CONVERSION = YES;
				CLANG_WARN_NON_LITERAL_NULL_CONVERSION = YES;
				CLANG_WARN_OBJC_IMPLICIT_RETAIN_SELF = YES;
				CLANG_WARN_OBJC_LITERAL_CONVERSION = YES;
				CLANG_WARN_OBJC_ROOT_CLASS = YES_ERROR;
				CLANG_WARN_QUOTED_INCLUDE_IN_FRAMEWORK_HEADER = YES;
				CLANG_WARN_RANGE_LOOP_ANALYSIS = YES;
				CLANG_WARN_STRICT_PROTOTYPES = YES;
				CLANG_WARN_SUSPICIOUS_MOVE = YES;
				CLANG_WARN_UNGUARDED_AVAILABILITY = YES_AGGRESSIVE;
				CLANG_WARN_UNREACHABLE_CODE = YES;
				CLANG_WARN__DUPLICATE_METHOD_MATCH = YES;
				COPY_PHASE_STRIP = NO;
				DEBUG_INFORMATION_FORMAT = dwarf;
				ENABLE_STRICT_OBJC_MSGSEND = YES;
				ENABLE_TESTABILITY = YES;
				GCC_C_LANGUAGE_STANDARD = gnu11;
				GCC_DYNAMIC_NO_PIC = NO;
				GCC_NO_COMMON_BLOCKS = YES;
				GCC_OPTIMIZATION_LEVEL = 0;
				GCC_PREPROCESSOR_DEFINITIONS = (
					"DEBUG=1",
					"$(inherited)",
				);
				GCC_WARN_64_TO_32_BIT_CONVERSION = YES;
				GCC_WARN_ABOUT_RETURN_TYPE = YES_ERROR;
				GCC_WARN_UNDECLARED_SELECTOR = YES;
				GCC_WARN_UNINITIALIZED_AUTOS = YES_AGGRESSIVE;
				GCC_WARN_UNUSED_FUNCTION = YES;
				GCC_WARN_UNUSED_VARIABLE = YES;
				IPHONEOS_DEPLOYMENT_TARGET = 16.2;
				MTL_ENABLE_DEBUG_INFO = INCLUDE_SOURCE;
				MTL_FAST_MATH = YES;
				ONLY_ACTIVE_ARCH = YES;
				SDKROOT = iphoneos;
				SWIFT_ACTIVE_COMPILATION_CONDITIONS = DEBUG;
				SWIFT_OPTIMIZATION_LEVEL = "-Onone";
			};
			name = Debug;
		};
		046BA97C29E8F13B00E96F63 /* Release */ = {
			isa = XCBuildConfiguration;
			buildSettings = {
				ALWAYS_SEARCH_USER_PATHS = NO;
				CLANG_ANALYZER_NONNULL = YES;
				CLANG_ANALYZER_NUMBER_OBJECT_CONVERSION = YES_AGGRESSIVE;
				CLANG_CXX_LANGUAGE_STANDARD = "gnu++20";
				CLANG_ENABLE_MODULES = YES;
				CLANG_ENABLE_OBJC_ARC = YES;
				CLANG_ENABLE_OBJC_WEAK = YES;
				CLANG_WARN_BLOCK_CAPTURE_AUTORELEASING = YES;
				CLANG_WARN_BOOL_CONVERSION = YES;
				CLANG_WARN_COMMA = YES;
				CLANG_WARN_CONSTANT_CONVERSION = YES;
				CLANG_WARN_DEPRECATED_OBJC_IMPLEMENTATIONS = YES;
				CLANG_WARN_DIRECT_OBJC_ISA_USAGE = YES_ERROR;
				CLANG_WARN_DOCUMENTATION_COMMENTS = YES;
				CLANG_WARN_EMPTY_BODY = YES;
				CLANG_WARN_ENUM_CONVERSION = YES;
				CLANG_WARN_INFINITE_RECURSION = YES;
				CLANG_WARN_INT_CONVERSION = YES;
				CLANG_WARN_NON_LITERAL_NULL_CONVERSION = YES;
				CLANG_WARN_OBJC_IMPLICIT_RETAIN_SELF = YES;
				CLANG_WARN_OBJC_LITERAL_CONVERSION = YES;
				CLANG_WARN_OBJC_ROOT_CLASS = YES_ERROR;
				CLANG_WARN_QUOTED_INCLUDE_IN_FRAMEWORK_HEADER = YES;
				CLANG_WARN_RANGE_LOOP_ANALYSIS = YES;
				CLANG_WARN_STRICT_PROTOTYPES = YES;
				CLANG_WARN_SUSPICIOUS_MOVE = YES;
				CLANG_WARN_UNGUARDED_AVAILABILITY = YES_AGGRESSIVE;
				CLANG_WARN_UNREACHABLE_CODE = YES;
				CLANG_WARN__DUPLICATE_METHOD_MATCH = YES;
				COPY_PHASE_STRIP = NO;
				DEBUG_INFORMATION_FORMAT = "dwarf-with-dsym";
				ENABLE_NS_ASSERTIONS = NO;
				ENABLE_STRICT_OBJC_MSGSEND = YES;
				GCC_C_LANGUAGE_STANDARD = gnu11;
				GCC_NO_COMMON_BLOCKS = YES;
				GCC_WARN_64_TO_32_BIT_CONVERSION = YES;
				GCC_WARN_ABOUT_RETURN_TYPE = YES_ERROR;
				GCC_WARN_UNDECLARED_SELECTOR = YES;
				GCC_WARN_UNINITIALIZED_AUTOS = YES_AGGRESSIVE;
				GCC_WARN_UNUSED_FUNCTION = YES;
				GCC_WARN_UNUSED_VARIABLE = YES;
				IPHONEOS_DEPLOYMENT_TARGET = 16.2;
				MTL_ENABLE_DEBUG_INFO = NO;
				MTL_FAST_MATH = YES;
				SDKROOT = iphoneos;
				SWIFT_COMPILATION_MODE = wholemodule;
				SWIFT_OPTIMIZATION_LEVEL = "-O";
				VALIDATE_PRODUCT = YES;
			};
			name = Release;
		};
		046BA97E29E8F13B00E96F63 /* Debug */ = {
			isa = XCBuildConfiguration;
			buildSettings = {
				ASSETCATALOG_COMPILER_APPICON_NAME = AppIcon;
				ASSETCATALOG_COMPILER_GLOBAL_ACCENT_COLOR_NAME = AccentColor;
				CODE_SIGN_STYLE = Automatic;
				CURRENT_PROJECT_VERSION = 1;
				DEVELOPMENT_ASSET_PATHS = "\"0706012110026-Alex-AFL3/Preview Content\"";
				DEVELOPMENT_TEAM = 65MU3RV28U;
				ENABLE_PREVIEWS = YES;
				GENERATE_INFOPLIST_FILE = YES;
				INFOPLIST_KEY_UIApplicationSceneManifest_Generation = YES;
				INFOPLIST_KEY_UIApplicationSupportsIndirectInputEvents = YES;
				INFOPLIST_KEY_UILaunchScreen_Generation = YES;
				INFOPLIST_KEY_UISupportedInterfaceOrientations_iPad = "UIInterfaceOrientationPortrait UIInterfaceOrientationPortraitUpsideDown UIInterfaceOrientationLandscapeLeft UIInterfaceOrientationLandscapeRight";
				INFOPLIST_KEY_UISupportedInterfaceOrientations_iPhone = "UIInterfaceOrientationPortrait UIInterfaceOrientationLandscapeLeft UIInterfaceOrientationLandscapeRight";
				LD_RUNPATH_SEARCH_PATHS = (
					"$(inherited)",
					"@executable_path/Frameworks",
				);
				MARKETING_VERSION = 1.0;
				PRODUCT_BUNDLE_IDENTIFIER = "com.ucexerciseweek1.-706012110026-Alex-AFL3";
				PRODUCT_NAME = "$(TARGET_NAME)";
				SWIFT_EMIT_LOC_STRINGS = YES;
				SWIFT_VERSION = 5.0;
				TARGETED_DEVICE_FAMILY = "1,2";
			};
			name = Debug;
		};
		046BA97F29E8F13B00E96F63 /* Release */ = {
			isa = XCBuildConfiguration;
			buildSettings = {
				ASSETCATALOG_COMPILER_APPICON_NAME = AppIcon;
				ASSETCATALOG_COMPILER_GLOBAL_ACCENT_COLOR_NAME = AccentColor;
				CODE_SIGN_STYLE = Automatic;
				CURRENT_PROJECT_VERSION = 1;
				DEVELOPMENT_ASSET_PATHS = "\"0706012110026-Alex-AFL3/Preview Content\"";
				DEVELOPMENT_TEAM = 65MU3RV28U;
				ENABLE_PREVIEWS = YES;
				GENERATE_INFOPLIST_FILE = YES;
				INFOPLIST_KEY_UIApplicationSceneManifest_Generation = YES;
				INFOPLIST_KEY_UIApplicationSupportsIndirectInputEvents = YES;
				INFOPLIST_KEY_UILaunchScreen_Generation = YES;
				INFOPLIST_KEY_UISupportedInterfaceOrientations_iPad = "UIInterfaceOrientationPortrait UIInterfaceOrientationPortraitUpsideDown UIInterfaceOrientationLandscapeLeft UIInterfaceOrientationLandscapeRight";
				INFOPLIST_KEY_UISupportedInterfaceOrientations_iPhone = "UIInterfaceOrientationPortrait UIInterfaceOrientationLandscapeLeft UIInterfaceOrientationLandscapeRight";
				LD_RUNPATH_SEARCH_PATHS = (
					"$(inherited)",
					"@executable_path/Frameworks",
				);
				MARKETING_VERSION = 1.0;
				PRODUCT_BUNDLE_IDENTIFIER = "com.ucexerciseweek1.-706012110026-Alex-AFL3";
				PRODUCT_NAME = "$(TARGET_NAME)";
				SWIFT_EMIT_LOC_STRINGS = YES;
				SWIFT_VERSION = 5.0;
				TARGETED_DEVICE_FAMILY = "1,2";
			};
			name = Release;
		};
		046BA98129E8F13B00E96F63 /* Debug */ = {
			isa = XCBuildConfiguration;
			buildSettings = {
				ALWAYS_EMBED_SWIFT_STANDARD_LIBRARIES = YES;
				BUNDLE_LOADER = "$(TEST_HOST)";
				CODE_SIGN_STYLE = Automatic;
				CURRENT_PROJECT_VERSION = 1;
				DEVELOPMENT_TEAM = 65MU3RV28U;
				GENERATE_INFOPLIST_FILE = YES;
				IPHONEOS_DEPLOYMENT_TARGET = 16.2;
				MARKETING_VERSION = 1.0;
				PRODUCT_BUNDLE_IDENTIFIER = "com.ucexerciseweek1.-706012110026-Alex-AFL3Tests";
				PRODUCT_NAME = "$(TARGET_NAME)";
				SWIFT_EMIT_LOC_STRINGS = NO;
				SWIFT_VERSION = 5.0;
				TARGETED_DEVICE_FAMILY = "1,2";
				TEST_HOST = "$(BUILT_PRODUCTS_DIR)/0706012110026-Alex-AFL3.app/$(BUNDLE_EXECUTABLE_FOLDER_PATH)/0706012110026-Alex-AFL3";
			};
			name = Debug;
		};
		046BA98229E8F13B00E96F63 /* Release */ = {
			isa = XCBuildConfiguration;
			buildSettings = {
				ALWAYS_EMBED_SWIFT_STANDARD_LIBRARIES = YES;
				BUNDLE_LOADER = "$(TEST_HOST)";
				CODE_SIGN_STYLE = Automatic;
				CURRENT_PROJECT_VERSION = 1;
				DEVELOPMENT_TEAM = 65MU3RV28U;
				GENERATE_INFOPLIST_FILE = YES;
				IPHONEOS_DEPLOYMENT_TARGET = 16.2;
				MARKETING_VERSION = 1.0;
				PRODUCT_BUNDLE_IDENTIFIER = "com.ucexerciseweek1.-706012110026-Alex-AFL3Tests";
				PRODUCT_NAME = "$(TARGET_NAME)";
				SWIFT_EMIT_LOC_STRINGS = NO;
				SWIFT_VERSION = 5.0;
				TARGETED_DEVICE_FAMILY = "1,2";
				TEST_HOST = "$(BUILT_PRODUCTS_DIR)/0706012110026-Alex-AFL3.app/$(BUNDLE_EXECUTABLE_FOLDER_PATH)/0706012110026-Alex-AFL3";
			};
			name = Release;
		};
		046BA98429E8F13B00E96F63 /* Debug */ = {
			isa = XCBuildConfiguration;
			buildSettings = {
				ALWAYS_EMBED_SWIFT_STANDARD_LIBRARIES = YES;
				CODE_SIGN_STYLE = Automatic;
				CURRENT_PROJECT_VERSION = 1;
				DEVELOPMENT_TEAM = 65MU3RV28U;
				GENERATE_INFOPLIST_FILE = YES;
				MARKETING_VERSION = 1.0;
				PRODUCT_BUNDLE_IDENTIFIER = "com.ucexerciseweek1.-706012110026-Alex-AFL3UITests";
				PRODUCT_NAME = "$(TARGET_NAME)";
				SWIFT_EMIT_LOC_STRINGS = NO;
				SWIFT_VERSION = 5.0;
				TARGETED_DEVICE_FAMILY = "1,2";
				TEST_TARGET_NAME = "0706012110026-Alex-AFL3";
			};
			name = Debug;
		};
		046BA98529E8F13B00E96F63 /* Release */ = {
			isa = XCBuildConfiguration;
			buildSettings = {
				ALWAYS_EMBED_SWIFT_STANDARD_LIBRARIES = YES;
				CODE_SIGN_STYLE = Automatic;
				CURRENT_PROJECT_VERSION = 1;
				DEVELOPMENT_TEAM = 65MU3RV28U;
				GENERATE_INFOPLIST_FILE = YES;
				MARKETING_VERSION = 1.0;
				PRODUCT_BUNDLE_IDENTIFIER = "com.ucexerciseweek1.-706012110026-Alex-AFL3UITests";
				PRODUCT_NAME = "$(TARGET_NAME)";
				SWIFT_EMIT_LOC_STRINGS = NO;
				SWIFT_VERSION = 5.0;
				TARGETED_DEVICE_FAMILY = "1,2";
				TEST_TARGET_NAME = "0706012110026-Alex-AFL3";
			};
			name = Release;
		};
/* End XCBuildConfiguration section */

/* Begin XCConfigurationList section */
		046BA95429E8F13900E96F63 /* Build configuration list for PBXProject "0706012110026-Alex-AFL3" */ = {
			isa = XCConfigurationList;
			buildConfigurations = (
				046BA97B29E8F13B00E96F63 /* Debug */,
				046BA97C29E8F13B00E96F63 /* Release */,
			);
			defaultConfigurationIsVisible = 0;
			defaultConfigurationName = Release;
		};
		046BA97D29E8F13B00E96F63 /* Build configuration list for PBXNativeTarget "0706012110026-Alex-AFL3" */ = {
			isa = XCConfigurationList;
			buildConfigurations = (
				046BA97E29E8F13B00E96F63 /* Debug */,
				046BA97F29E8F13B00E96F63 /* Release */,
			);
			defaultConfigurationIsVisible = 0;
			defaultConfigurationName = Release;
		};
		046BA98029E8F13B00E96F63 /* Build configuration list for PBXNativeTarget "0706012110026-Alex-AFL3Tests" */ = {
			isa = XCConfigurationList;
			buildConfigurations = (
				046BA98129E8F13B00E96F63 /* Debug */,
				046BA98229E8F13B00E96F63 /* Release */,
			);
			defaultConfigurationIsVisible = 0;
			defaultConfigurationName = Release;
		};
		046BA98329E8F13B00E96F63 /* Build configuration list for PBXNativeTarget "0706012110026-Alex-AFL3UITests" */ = {
			isa = XCConfigurationList;
			buildConfigurations = (
				046BA98429E8F13B00E96F63 /* Debug */,
				046BA98529E8F13B00E96F63 /* Release */,
			);
			defaultConfigurationIsVisible = 0;
			defaultConfigurationName = Release;
		};
/* End XCConfigurationList section */
	};
	rootObject = 046BA95129E8F13900E96F63 /* Project object */;
}
